<Solution>
  <Project Path="MeetingsBooking.API/MeetingsBooking.API.csproj" />
  <Project Path="MeetingsBooking.Application/MeetingsBooking.Application.csproj" Id="9277a28a-b414-47ff-8ae1-36b40a4a06f4" />
  <Project Path="MeetingsBooking.Domain/MeetingsBooking.Domain.csproj" />
  <Project Path="MeetingsBooking.Infrastructure/MeetingsBooking.Infrastructure.csproj" Id="9859abfa-615e-48d0-bb83-49cc543fc5f1" />
  <Project Path="MeetingsBooking.Shared/MeetingsBooking.Shared.csproj" />
  <Project Path="MeetingsBooking.UI/MeetingsBooking.UI.csproj" Id="f0550311-f867-4885-9247-23b25b6fe8f6" />
</Solution>
